
Microsoft Visual Studio Solution File, Format Version 12.00
# Visual Studio Version 17
VisualStudioVersion = 17.0.31903.59
MinimumVisualStudioVersion = 10.0.40219.1
Project("{2150E333-8FDC-42A3-9474-1A3956D46DE8}") = "src", "src", "{827E0CD3-B72D-47B6-A68D-7590B98EB39B}"
EndProject
Project("{FAE04EC0-301F-11D3-BF4B-00C04F79EFBC}") = "Modot", "src\Modot\Modot.csproj", "{98318B49-3683-49C3-949D-DD8F5B178CEA}"
EndProject
Project("{2150E333-8FDC-42A3-9474-1A3956D46DE8}") = "tests", "tests", "{0AB3BF05-4346-4AA6-1389-037BE0695223}"
EndProject
Project("{FAE04EC0-301F-11D3-BF4B-00C04F79EFBC}") = "Modot.Tests", "tests\Modot.Tests\Modot.Tests.csproj", "{A399F433-18C5-444F-A951-8385972A0633}"
EndProject
Project("{2150E333-8FDC-42A3-9474-1A3956D46DE8}") = "e2e", "e2e", "{0EB607AC-6329-6575-AD8B-E5558B048B88}"
EndProject
Project("{FAE04EC0-301F-11D3-BF4B-00C04F79EFBC}") = "Host", "tests\e2e\Host\Host.csproj", "{431A8A7E-FEED-4BDA-AD13-BCB6F33D5C6F}"
EndProject
Project("{2150E333-8FDC-42A3-9474-1A3956D46DE8}") = "Mods", "Mods", "{31AD8280-D854-92CC-05C2-A46E7FB4F093}"
EndProject
Project("{FAE04EC0-301F-11D3-BF4B-00C04F79EFBC}") = "AlphaMod", "tests\e2e\Mods\AlphaMod\AlphaMod.csproj", "{B9738BBB-64B8-4AA0-85AF-3530354E8581}"
EndProject
Global
	GlobalSection(SolutionConfigurationPlatforms) = preSolution
		Debug|Any CPU = Debug|Any CPU
		Debug|x64 = Debug|x64
		Debug|x86 = Debug|x86
		Release|Any CPU = Release|Any CPU
		Release|x64 = Release|x64
		Release|x86 = Release|x86
	EndGlobalSection
	GlobalSection(ProjectConfigurationPlatforms) = postSolution
		{98318B49-3683-49C3-949D-DD8F5B178CEA}.Debug|Any CPU.ActiveCfg = Debug|Any CPU
		{98318B49-3683-49C3-949D-DD8F5B178CEA}.Debug|Any CPU.Build.0 = Debug|Any CPU
		{98318B49-3683-49C3-949D-DD8F5B178CEA}.Debug|x64.ActiveCfg = Debug|Any CPU
		{98318B49-3683-49C3-949D-DD8F5B178CEA}.Debug|x64.Build.0 = Debug|Any CPU
		{98318B49-3683-49C3-949D-DD8F5B178CEA}.Debug|x86.ActiveCfg = Debug|Any CPU
		{98318B49-3683-49C3-949D-DD8F5B178CEA}.Debug|x86.Build.0 = Debug|Any CPU
		{98318B49-3683-49C3-949D-DD8F5B178CEA}.Release|Any CPU.ActiveCfg = Debug|Any CPU
		{98318B49-3683-49C3-949D-DD8F5B178CEA}.Release|Any CPU.Build.0 = Debug|Any CPU
		{98318B49-3683-49C3-949D-DD8F5B178CEA}.Release|x64.ActiveCfg = Debug|Any CPU
		{98318B49-3683-49C3-949D-DD8F5B178CEA}.Release|x64.Build.0 = Debug|Any CPU
		{98318B49-3683-49C3-949D-DD8F5B178CEA}.Release|x86.ActiveCfg = Debug|Any CPU
		{98318B49-3683-49C3-949D-DD8F5B178CEA}.Release|x86.Build.0 = Debug|Any CPU
		{A399F433-18C5-444F-A951-8385972A0633}.Debug|Any CPU.ActiveCfg = Debug|Any CPU
		{A399F433-18C5-444F-A951-8385972A0633}.Debug|Any CPU.Build.0 = Debug|Any CPU
		{A399F433-18C5-444F-A951-8385972A0633}.Debug|x64.ActiveCfg = Debug|Any CPU
		{A399F433-18C5-444F-A951-8385972A0633}.Debug|x64.Build.0 = Debug|Any CPU
		{A399F433-18C5-444F-A951-8385972A0633}.Debug|x86.ActiveCfg = Debug|Any CPU
		{A399F433-18C5-444F-A951-8385972A0633}.Debug|x86.Build.0 = Debug|Any CPU
		{A399F433-18C5-444F-A951-8385972A0633}.Release|Any CPU.ActiveCfg = Release|Any CPU
		{A399F433-18C5-444F-A951-8385972A0633}.Release|Any CPU.Build.0 = Release|Any CPU
		{A399F433-18C5-444F-A951-8385972A0633}.Release|x64.ActiveCfg = Release|Any CPU
		{A399F433-18C5-444F-A951-8385972A0633}.Release|x64.Build.0 = Release|Any CPU
		{A399F433-18C5-444F-A951-8385972A0633}.Release|x86.ActiveCfg = Release|Any CPU
		{A399F433-18C5-444F-A951-8385972A0633}.Release|x86.Build.0 = Release|Any CPU
		{431A8A7E-FEED-4BDA-AD13-BCB6F33D5C6F}.Debug|Any CPU.ActiveCfg = Debug|Any CPU
		{431A8A7E-FEED-4BDA-AD13-BCB6F33D5C6F}.Debug|Any CPU.Build.0 = Debug|Any CPU
		{431A8A7E-FEED-4BDA-AD13-BCB6F33D5C6F}.Debug|x64.ActiveCfg = Debug|Any CPU
		{431A8A7E-FEED-4BDA-AD13-BCB6F33D5C6F}.Debug|x64.Build.0 = Debug|Any CPU
		{431A8A7E-FEED-4BDA-AD13-BCB6F33D5C6F}.Debug|x86.ActiveCfg = Debug|Any CPU
		{431A8A7E-FEED-4BDA-AD13-BCB6F33D5C6F}.Debug|x86.Build.0 = Debug|Any CPU
		{431A8A7E-FEED-4BDA-AD13-BCB6F33D5C6F}.Release|Any CPU.ActiveCfg = Debug|Any CPU
		{431A8A7E-FEED-4BDA-AD13-BCB6F33D5C6F}.Release|Any CPU.Build.0 = Debug|Any CPU
		{431A8A7E-FEED-4BDA-AD13-BCB6F33D5C6F}.Release|x64.ActiveCfg = Debug|Any CPU
		{431A8A7E-FEED-4BDA-AD13-BCB6F33D5C6F}.Release|x64.Build.0 = Debug|Any CPU
		{431A8A7E-FEED-4BDA-AD13-BCB6F33D5C6F}.Release|x86.ActiveCfg = Debug|Any CPU
		{431A8A7E-FEED-4BDA-AD13-BCB6F33D5C6F}.Release|x86.Build.0 = Debug|Any CPU
		{B9738BBB-64B8-4AA0-85AF-3530354E8581}.Debug|Any CPU.ActiveCfg = Debug|Any CPU
		{B9738BBB-64B8-4AA0-85AF-3530354E8581}.Debug|Any CPU.Build.0 = Debug|Any CPU
		{B9738BBB-64B8-4AA0-85AF-3530354E8581}.Debug|x64.ActiveCfg = Debug|Any CPU
		{B9738BBB-64B8-4AA0-85AF-3530354E8581}.Debug|x64.Build.0 = Debug|Any CPU
		{B9738BBB-64B8-4AA0-85AF-3530354E8581}.Debug|x86.ActiveCfg = Debug|Any CPU
		{B9738BBB-64B8-4AA0-85AF-3530354E8581}.Debug|x86.Build.0 = Debug|Any CPU
		{B9738BBB-64B8-4AA0-85AF-3530354E8581}.Release|Any CPU.ActiveCfg = Debug|Any CPU
		{B9738BBB-64B8-4AA0-85AF-3530354E8581}.Release|Any CPU.Build.0 = Debug|Any CPU
		{B9738BBB-64B8-4AA0-85AF-3530354E8581}.Release|x64.ActiveCfg = Debug|Any CPU
		{B9738BBB-64B8-4AA0-85AF-3530354E8581}.Release|x64.Build.0 = Debug|Any CPU
		{B9738BBB-64B8-4AA0-85AF-3530354E8581}.Release|x86.ActiveCfg = Debug|Any CPU
		{B9738BBB-64B8-4AA0-85AF-3530354E8581}.Release|x86.Build.0 = Debug|Any CPU
	EndGlobalSection
	GlobalSection(SolutionProperties) = preSolution
		HideSolutionNode = FALSE
	EndGlobalSection
	GlobalSection(NestedProjects) = preSolution
		{98318B49-3683-49C3-949D-DD8F5B178CEA} = {827E0CD3-B72D-47B6-A68D-7590B98EB39B}
		{A399F433-18C5-444F-A951-8385972A0633} = {0AB3BF05-4346-4AA6-1389-037BE0695223}
		{0EB607AC-6329-6575-AD8B-E5558B048B88} = {0AB3BF05-4346-4AA6-1389-037BE0695223}
		{431A8A7E-FEED-4BDA-AD13-BCB6F33D5C6F} = {0EB607AC-6329-6575-AD8B-E5558B048B88}
		{31AD8280-D854-92CC-05C2-A46E7FB4F093} = {0EB607AC-6329-6575-AD8B-E5558B048B88}
		{B9738BBB-64B8-4AA0-85AF-3530354E8581} = {31AD8280-D854-92CC-05C2-A46E7FB4F093}
	EndGlobalSection
EndGlobal
